// !$*UTF8*$!
{
	archiveVersion = 1;
	classes = {
	};
	objectVersion = 55;
	objects = {

/* Begin PBXBuildFile section */
		092B9306283A4C120042D249 /* AppDelegate.swift in Sources */ = {isa = PBXBuildFile; fileRef = 092B9305283A4C120042D249 /* AppDelegate.swift */; };
		092B930A283A4C120042D249 /* ViewController.swift in Sources */ = {isa = PBXBuildFile; fileRef = 092B9309283A4C120042D249 /* ViewController.swift */; };
		092B930F283A4C140042D249 /* Assets.xcassets in Resources */ = {isa = PBXBuildFile; fileRef = 092B930E283A4C140042D249 /* Assets.xcassets */; };
		092B9312283A4C140042D249 /* LaunchScreen.storyboard in Resources */ = {isa = PBXBuildFile; fileRef = 092B9310283A4C140042D249 /* LaunchScreen.storyboard */; };
		092B9325283A4C500042D249 /* nssl0049.jpg in Resources */ = {isa = PBXBuildFile; fileRef = 092B931B283A4C500042D249 /* nssl0049.jpg */; };
		092B9326283A4C500042D249 /* nssl0046.jpg in Resources */ = {isa = PBXBuildFile; fileRef = 092B931C283A4C500042D249 /* nssl0046.jpg */; };
		092B9327283A4C500042D249 /* nssl0091.jpg in Resources */ = {isa = PBXBuildFile; fileRef = 092B931D283A4C500042D249 /* nssl0091.jpg */; };
		092B9328283A4C500042D249 /* nssl0045.jpg in Resources */ = {isa = PBXBuildFile; fileRef = 092B931E283A4C500042D249 /* nssl0045.jpg */; };
		092B9329283A4C500042D249 /* nssl0051.jpg in Resources */ = {isa = PBXBuildFile; fileRef = 092B931F283A4C500042D249 /* nssl0051.jpg */; };
		092B932A283A4C500042D249 /* nssl0041.jpg in Resources */ = {isa = PBXBuildFile; fileRef = 092B9320283A4C500042D249 /* nssl0041.jpg */; };
		092B932B283A4C500042D249 /* nssl0042.jpg in Resources */ = {isa = PBXBuildFile; fileRef = 092B9321283A4C500042D249 /* nssl0042.jpg */; };
		092B932C283A4C500042D249 /* nssl0043.jpg in Resources */ = {isa = PBXBuildFile; fileRef = 092B9322283A4C500042D249 /* nssl0043.jpg */; };
		092B932D283A4C500042D249 /* nssl0033.jpg in Resources */ = {isa = PBXBuildFile; fileRef = 092B9323283A4C500042D249 /* nssl0033.jpg */; };
		092B932E283A4C500042D249 /* nssl0034.jpg in Resources */ = {isa = PBXBuildFile; fileRef = 092B9324283A4C500042D249 /* nssl0034.jpg */; };
		092B9330283A5FD30042D249 /* DetailViewController.swift in Sources */ = {isa = PBXBuildFile; fileRef = 092B932F283A5FD30042D249 /* DetailViewController.swift */; };
/* End PBXBuildFile section */

/* Begin PBXFileReference section */
		092B9302283A4C120042D249 /* Project1.app */ = {isa = PBXFileReference; explicitFileType = wrapper.application; includeInIndex = 0; path = Project1.app; sourceTree = BUILT_PRODUCTS_DIR; };
		092B9305283A4C120042D249 /* AppDelegate.swift */ = {isa = PBXFileReference; lastKnownFileType = sourcecode.swift; path = AppDelegate.swift; sourceTree = "<group>"; };
		092B9309283A4C120042D249 /* ViewController.swift */ = {isa = PBXFileReference; lastKnownFileType = sourcecode.swift; path = ViewController.swift; sourceTree = "<group>"; };
		092B930E283A4C140042D249 /* Assets.xcassets */ = {isa = PBXFileReference; lastKnownFileType = folder.assetcatalog; path = Assets.xcassets; sourceTree = "<group>"; };
		092B9311283A4C140042D249 /* Base */ = {isa = PBXFileReference; lastKnownFileType = file.storyboard; name = Base; path = Base.lproj/LaunchScreen.storyboard; sourceTree = "<group>"; };
		092B9313283A4C140042D249 /* Info.plist */ = {isa = PBXFileReference; lastKnownFileType = text.plist.xml; path = Info.plist; sourceTree = "<group>"; };
		092B931B283A4C500042D249 /* nssl0049.jpg */ = {isa = PBXFileReference; lastKnownFileType = image.jpeg; path = nssl0049.jpg; sourceTree = "<group>"; };
		092B931C283A4C500042D249 /* nssl0046.jpg */ = {isa = PBXFileReference; lastKnownFileType = image.jpeg; path = nssl0046.jpg; sourceTree = "<group>"; };
		092B931D283A4C500042D249 /* nssl0091.jpg */ = {isa = PBXFileReference; lastKnownFileType = image.jpeg; path = nssl0091.jpg; sourceTree = "<group>"; };
		092B931E283A4C500042D249 /* nssl0045.jpg */ = {isa = PBXFileReference; lastKnownFileType = image.jpeg; path = nssl0045.jpg; sourceTree = "<group>"; };
		092B931F283A4C500042D249 /* nssl0051.jpg */ = {isa = PBXFileReference; lastKnownFileType = image.jpeg; path = nssl0051.jpg; sourceTree = "<group>"; };
		092B9320283A4C500042D249 /* nssl0041.jpg */ = {isa = PBXFileReference; lastKnownFileType = image.jpeg; path = nssl0041.jpg; sourceTree = "<group>"; };
		092B9321283A4C500042D249 /* nssl0042.jpg */ = {isa = PBXFileReference; lastKnownFileType = image.jpeg; path = nssl0042.jpg; sourceTree = "<group>"; };
		092B9322283A4C500042D249 /* nssl0043.jpg */ = {isa = PBXFileReference; lastKnownFileType = image.jpeg; path = nssl0043.jpg; sourceTree = "<group>"; };
		092B9323283A4C500042D249 /* nssl0033.jpg */ = {isa = PBXFileReference; lastKnownFileType = image.jpeg; path = nssl0033.jpg; sourceTree = "<group>"; };
		092B9324283A4C500042D249 /* nssl0034.jpg */ = {isa = PBXFileReference; lastKnownFileType = image.jpeg; path = nssl0034.jpg; sourceTree = "<group>"; };
		092B932F283A5FD30042D249 /* DetailViewController.swift */ = {isa = PBXFileReference; lastKnownFileType = sourcecode.swift; path = DetailViewController.swift; sourceTree = "<group>"; };
/* End PBXFileReference section */

/* Begin PBXFrameworksBuildPhase section */
		092B92FF283A4C120042D249 /* Frameworks */ = {
			isa = PBXFrameworksBuildPhase;
			buildActionMask = 2147483647;
			files = (
			);
			runOnlyForDeploymentPostprocessing = 0;
		};
/* End PBXFrameworksBuildPhase section */

/* Begin PBXGroup section */
		092B92F9283A4C120042D249 = {
			isa = PBXGroup;
			children = (
				092B9304283A4C120042D249 /* Project1 */,
				092B9303283A4C120042D249 /* Products */,
			);
			sourceTree = "<group>";
		};
		092B9303283A4C120042D249 /* Products */ = {
			isa = PBXGroup;
			children = (
				092B9302283A4C120042D249 /* Project1.app */,
			);
			name = Products;
			sourceTree = "<group>";
		};
		092B9304283A4C120042D249 /* Project1 */ = {
			isa = PBXGroup;
			children = (
				092B9319283A4C370042D249 /* Files */,
				092B9305283A4C120042D249 /* AppDelegate.swift */,
				092B9309283A4C120042D249 /* ViewController.swift */,
				092B932F283A5FD30042D249 /* DetailViewController.swift */,
				092B931A283A4C500042D249 /* Content */,
			);
			path = Project1;
			sourceTree = "<group>";
		};
		092B9319283A4C370042D249 /* Files */ = {
			isa = PBXGroup;
			children = (
				092B930E283A4C140042D249 /* Assets.xcassets */,
				092B9310283A4C140042D249 /* LaunchScreen.storyboard */,
				092B9313283A4C140042D249 /* Info.plist */,
			);
			name = Files;
			sourceTree = "<group>";
		};
		092B931A283A4C500042D249 /* Content */ = {
			isa = PBXGroup;
			children = (
				092B931B283A4C500042D249 /* nssl0049.jpg */,
				092B931C283A4C500042D249 /* nssl0046.jpg */,
				092B931D283A4C500042D249 /* nssl0091.jpg */,
				092B931E283A4C500042D249 /* nssl0045.jpg */,
				092B931F283A4C500042D249 /* nssl0051.jpg */,
				092B9320283A4C500042D249 /* nssl0041.jpg */,
				092B9321283A4C500042D249 /* nssl0042.jpg */,
				092B9322283A4C500042D249 /* nssl0043.jpg */,
				092B9323283A4C500042D249 /* nssl0033.jpg */,
				092B9324283A4C500042D249 /* nssl0034.jpg */,
			);
			path = Content;
			sourceTree = "<group>";
		};
/* End PBXGroup section */

/* Begin PBXNativeTarget section */
		092B9301283A4C120042D249 /* Project1 */ = {
			isa = PBXNativeTarget;
			buildConfigurationList = 092B9316283A4C140042D249 /* Build configuration list for PBXNativeTarget "Project1" */;
			buildPhases = (
				092B92FE283A4C120042D249 /* Sources */,
				092B92FF283A4C120042D249 /* Frameworks */,
				092B9300283A4C120042D249 /* Resources */,
			);
			buildRules = (
			);
			dependencies = (
			);
			name = Project1;
			productName = Project1;
			productReference = 092B9302283A4C120042D249 /* Project1.app */;
			productType = "com.apple.product-type.application";
		};
/* End PBXNativeTarget section */

/* Begin PBXProject section */
		092B92FA283A4C120042D249 /* Project object */ = {
			isa = PBXProject;
			attributes = {
				BuildIndependentTargetsInParallel = 1;
				LastSwiftUpdateCheck = 1330;
				LastUpgradeCheck = 1330;
				TargetAttributes = {
					092B9301283A4C120042D249 = {
						CreatedOnToolsVersion = 13.3.1;
					};
				};
			};
			buildConfigurationList = 092B92FD283A4C120042D249 /* Build configuration list for PBXProject "Project1" */;
			compatibilityVersion = "Xcode 13.0";
			developmentRegion = en;
			hasScannedForEncodings = 0;
			knownRegions = (
				en,
				Base,
			);
			mainGroup = 092B92F9283A4C120042D249;
			productRefGroup = 092B9303283A4C120042D249 /* Products */;
			projectDirPath = "";
			projectRoot = "";
			targets = (
				092B9301283A4C120042D249 /* Project1 */,
			);
		};
/* End PBXProject section */

/* Begin PBXResourcesBuildPhase section */
		092B9300283A4C120042D249 /* Resources */ = {
			isa = PBXResourcesBuildPhase;
			buildActionMask = 2147483647;
			files = (
				092B932C283A4C500042D249 /* nssl0043.jpg in Resources */,
				092B932D283A4C500042D249 /* nssl0033.jpg in Resources */,
				092B932A283A4C500042D249 /* nssl0041.jpg in Resources */,
				092B9327283A4C500042D249 /* nssl0091.jpg in Resources */,
				092B9329283A4C500042D249 /* nssl0051.jpg in Resources */,
				092B9312283A4C140042D249 /* LaunchScreen.storyboard in Resources */,
				092B932B283A4C500042D249 /* nssl0042.jpg in Resources */,
				092B9326283A4C500042D249 /* nssl0046.jpg in Resources */,
				092B9325283A4C500042D249 /* nssl0049.jpg in Resources */,
				092B9328283A4C500042D249 /* nssl0045.jpg in Resources */,
				092B932E283A4C500042D249 /* nssl0034.jpg in Resources */,
				092B930F283A4C140042D249 /* Assets.xcassets in Resources */,
			);
			runOnlyForDeploymentPostprocessing = 0;
		};
/* End PBXResourcesBuildPhase section */

/* Begin PBXSourcesBuildPhase section */
		092B92FE283A4C120042D249 /* Sources */ = {
			isa = PBXSourcesBuildPhase;
			buildActionMask = 2147483647;
			files = (
				092B930A283A4C120042D249 /* ViewController.swift in Sources */,
				092B9306283A4C120042D249 /* AppDelegate.swift in Sources */,
				092B9330283A5FD30042D249 /* DetailViewController.swift in Sources */,
			);
			runOnlyForDeploymentPostprocessing = 0;
		};
/* End PBXSourcesBuildPhase section */

/* Begin PBXVariantGroup section */
		092B9310283A4C140042D249 /* LaunchScreen.storyboard */ = {
			isa = PBXVariantGroup;
			children = (
				092B9311283A4C140042D249 /* Base */,
			);
			name = LaunchScreen.storyboard;
			sourceTree = "<group>";
		};
/* End PBXVariantGroup section */

/* Begin XCBuildConfiguration section */
		092B9314283A4C140042D249 /* Debug */ = {
			isa = XCBuildConfiguration;
			buildSettings = {
				ALWAYS_SEARCH_USER_PATHS = NO;
				CLANG_ANALYZER_NONNULL = YES;
				CLANG_ANALYZER_NUMBER_OBJECT_CONVERSION = YES_AGGRESSIVE;
				CLANG_CXX_LANGUAGE_STANDARD = "gnu++17";
				CLANG_ENABLE_MODULES = YES;
				CLANG_ENABLE_OBJC_ARC = YES;
				CLANG_ENABLE_OBJC_WEAK = YES;
				CLANG_WARN_BLOCK_CAPTURE_AUTORELEASING = YES;
				CLANG_WARN_BOOL_CONVERSION = YES;
				CLANG_WARN_COMMA = YES;
				CLANG_WARN_CONSTANT_CONVERSION = YES;
				CLANG_WARN_DEPRECATED_OBJC_IMPLEMENTATIONS = YES;
				CLANG_WARN_DIRECT_OBJC_ISA_USAGE = YES_ERROR;
				CLANG_WARN_DOCUMENTATION_COMMENTS = YES;
				CLANG_WARN_EMPTY_BODY = YES;
				CLANG_WARN_ENUM_CONVERSION = YES;
				CLANG_WARN_INFINITE_RECURSION = YES;
				CLANG_WARN_INT_CONVERSION = YES;
				CLANG_WARN_NON_LITERAL_NULL_CONVERSION = YES;
				CLANG_WARN_OBJC_IMPLICIT_RETAIN_SELF = YES;
				CLANG_WARN_OBJC_LITERAL_CONVERSION = YES;
				CLANG_WARN_OBJC_ROOT_CLASS = YES_ERROR;
				CLANG_WARN_QUOTED_INCLUDE_IN_FRAMEWORK_HEADER = YES;
				CLANG_WARN_RANGE_LOOP_ANALYSIS = YES;
				CLANG_WARN_STRICT_PROTOTYPES = YES;
				CLANG_WARN_SUSPICIOUS_MOVE = YES;
				CLANG_WARN_UNGUARDED_AVAILABILITY = YES_AGGRESSIVE;
				CLANG_WARN_UNREACHABLE_CODE = YES;
				CLANG_WARN__DUPLICATE_METHOD_MATCH = YES;
				COPY_PHASE_STRIP = NO;
				DEBUG_INFORMATION_FORMAT = dwarf;
				ENABLE_STRICT_OBJC_MSGSEND = YES;
				ENABLE_TESTABILITY = YES;
				GCC_C_LANGUAGE_STANDARD = gnu11;
				GCC_DYNAMIC_NO_PIC = NO;
				GCC_NO_COMMON_BLOCKS = YES;
				GCC_OPTIMIZATION_LEVEL = 0;
				GCC_PREPROCESSOR_DEFINITIONS = (
					"DEBUG=1",
					"$(inherited)",
				);
				GCC_WARN_64_TO_32_BIT_CONVERSION = YES;
				GCC_WARN_ABOUT_RETURN_TYPE = YES_ERROR;
				GCC_WARN_UNDECLARED_SELECTOR = YES;
				GCC_WARN_UNINITIALIZED_AUTOS = YES_AGGRESSIVE;
				GCC_WARN_UNUSED_FUNCTION = YES;
				GCC_WARN_UNUSED_VARIABLE = YES;
				IPHONEOS_DEPLOYMENT_TARGET = 15.4;
				MTL_ENABLE_DEBUG_INFO = INCLUDE_SOURCE;
				MTL_FAST_MATH = YES;
				ONLY_ACTIVE_ARCH = YES;
				SDKROOT = iphoneos;
				SWIFT_ACTIVE_COMPILATION_CONDITIONS = DEBUG;
				SWIFT_OPTIMIZATION_LEVEL = "-Onone";
			};
			name = Debug;
		};
		092B9315283A4C140042D249 /* Release */ = {
			isa = XCBuildConfiguration;
			buildSettings = {
				ALWAYS_SEARCH_USER_PATHS = NO;
				CLANG_ANALYZER_NONNULL = YES;
				CLANG_ANALYZER_NUMBER_OBJECT_CONVERSION = YES_AGGRESSIVE;
				CLANG_CXX_LANGUAGE_STANDARD = "gnu++17";
				CLANG_ENABLE_MODULES = YES;
				CLANG_ENABLE_OBJC_ARC = YES;
				CLANG_ENABLE_OBJC_WEAK = YES;
				CLANG_WARN_BLOCK_CAPTURE_AUTORELEASING = YES;
				CLANG_WARN_BOOL_CONVERSION = YES;
				CLANG_WARN_COMMA = YES;
				CLANG_WARN_CONSTANT_CONVERSION = YES;
				CLANG_WARN_DEPRECATED_OBJC_IMPLEMENTATIONS = YES;
				CLANG_WARN_DIRECT_OBJC_ISA_USAGE = YES_ERROR;
				CLANG_WARN_DOCUMENTATION_COMMENTS = YES;
				CLANG_WARN_EMPTY_BODY = YES;
				CLANG_WARN_ENUM_CONVERSION = YES;
				CLANG_WARN_INFINITE_RECURSION = YES;
				CLANG_WARN_INT_CONVERSION = YES;
				CLANG_WARN_NON_LITERAL_NULL_CONVERSION = YES;
				CLANG_WARN_OBJC_IMPLICIT_RETAIN_SELF = YES;
				CLANG_WARN_OBJC_LITERAL_CONVERSION = YES;
				CLANG_WARN_OBJC_ROOT_CLASS = YES_ERROR;
				CLANG_WARN_QUOTED_INCLUDE_IN_FRAMEWORK_HEADER = YES;
				CLANG_WARN_RANGE_LOOP_ANALYSIS = YES;
				CLANG_WARN_STRICT_PROTOTYPES = YES;
				CLANG_WARN_SUSPICIOUS_MOVE = YES;
				CLANG_WARN_UNGUARDED_AVAILABILITY = YES_AGGRESSIVE;
				CLANG_WARN_UNREACHABLE_CODE = YES;
				CLANG_WARN__DUPLICATE_METHOD_MATCH = YES;
				COPY_PHASE_STRIP = NO;
				DEBUG_INFORMATION_FORMAT = "dwarf-with-dsym";
				ENABLE_NS_ASSERTIONS = NO;
				ENABLE_STRICT_OBJC_MSGSEND = YES;
				GCC_C_LANGUAGE_STANDARD = gnu11;
				GCC_NO_COMMON_BLOCKS = YES;
				GCC_WARN_64_TO_32_BIT_CONVERSION = YES;
				GCC_WARN_ABOUT_RETURN_TYPE = YES_ERROR;
				GCC_WARN_UNDECLARED_SELECTOR = YES;
				GCC_WARN_UNINITIALIZED_AUTOS = YES_AGGRESSIVE;
				GCC_WARN_UNUSED_FUNCTION = YES;
				GCC_WARN_UNUSED_VARIABLE = YES;
				IPHONEOS_DEPLOYMENT_TARGET = 15.4;
				MTL_ENABLE_DEBUG_INFO = NO;
				MTL_FAST_MATH = YES;
				SDKROOT = iphoneos;
				SWIFT_COMPILATION_MODE = wholemodule;
				SWIFT_OPTIMIZATION_LEVEL = "-O";
				VALIDATE_PRODUCT = YES;
			};
			name = Release;
		};
		092B9317283A4C140042D249 /* Debug */ = {
			isa = XCBuildConfiguration;
			buildSettings = {
				ASSETCATALOG_COMPILER_APPICON_NAME = AppIcon;
				ASSETCATALOG_COMPILER_GLOBAL_ACCENT_COLOR_NAME = AccentColor;
				CODE_SIGN_STYLE = Automatic;
				CURRENT_PROJECT_VERSION = 1;
				DEVELOPMENT_TEAM = 7CN3F7BP3S;
				GENERATE_INFOPLIST_FILE = YES;
				INFOPLIST_FILE = Project1/Info.plist;
				INFOPLIST_KEY_UIApplicationSupportsIndirectInputEvents = YES;
				INFOPLIST_KEY_UILaunchStoryboardName = LaunchScreen;
				INFOPLIST_KEY_UIMainStoryboardFile = "";
				INFOPLIST_KEY_UISupportedInterfaceOrientations_iPad = "UIInterfaceOrientationPortrait UIInterfaceOrientationPortraitUpsideDown UIInterfaceOrientationLandscapeLeft UIInterfaceOrientationLandscapeRight";
				INFOPLIST_KEY_UISupportedInterfaceOrientations_iPhone = "UIInterfaceOrientationPortrait UIInterfaceOrientationLandscapeLeft UIInterfaceOrientationLandscapeRight";
				LD_RUNPATH_SEARCH_PATHS = (
					"$(inherited)",
					"@executable_path/Frameworks",
				);
				MARKETING_VERSION = 1.0;
				PRODUCT_BUNDLE_IDENTIFIER = matteospada.it.Project1;
				PRODUCT_NAME = "$(TARGET_NAME)";
				SWIFT_EMIT_LOC_STRINGS = YES;
				SWIFT_VERSION = 5.0;
				TARGETED_DEVICE_FAMILY = "1,2";
			};
			name = Debug;
		};
		092B9318283A4C140042D249 /* Release */ = {
			isa = XCBuildConfiguration;
			buildSettings = {
				ASSETCATALOG_COMPILER_APPICON_NAME = AppIcon;
				ASSETCATALOG_COMPILER_GLOBAL_ACCENT_COLOR_NAME = AccentColor;
				CODE_SIGN_STYLE = Automatic;
				CURRENT_PROJECT_VERSION = 1;
				DEVELOPMENT_TEAM = 7CN3F7BP3S;
				GENERATE_INFOPLIST_FILE = YES;
				INFOPLIST_FILE = Project1/Info.plist;
				INFOPLIST_KEY_UIApplicationSupportsIndirectInputEvents = YES;
				INFOPLIST_KEY_UILaunchStoryboardName = LaunchScreen;
				INFOPLIST_KEY_UIMainStoryboardFile = "";
				INFOPLIST_KEY_UISupportedInterfaceOrientations_iPad = "UIInterfaceOrientationPortrait UIInterfaceOrientationPortraitUpsideDown UIInterfaceOrientationLandscapeLeft UIInterfaceOrientationLandscapeRight";
				INFOPLIST_KEY_UISupportedInterfaceOrientations_iPhone = "UIInterfaceOrientationPortrait UIInterfaceOrientationLandscapeLeft UIInterfaceOrientationLandscapeRight";
				LD_RUNPATH_SEARCH_PATHS = (
					"$(inherited)",
					"@executable_path/Frameworks",
				);
				MARKETING_VERSION = 1.0;
				PRODUCT_BUNDLE_IDENTIFIER = matteospada.it.Project1;
				PRODUCT_NAME = "$(TARGET_NAME)";
				SWIFT_EMIT_LOC_STRINGS = YES;
				SWIFT_VERSION = 5.0;
				TARGETED_DEVICE_FAMILY = "1,2";
			};
			name = Release;
		};
/* End XCBuildConfiguration section */

/* Begin XCConfigurationList section */
		092B92FD283A4C120042D249 /* Build configuration list for PBXProject "Project1" */ = {
			isa = XCConfigurationList;
			buildConfigurations = (
				092B9314283A4C140042D249 /* Debug */,
				092B9315283A4C140042D249 /* Release */,
			);
			defaultConfigurationIsVisible = 0;
			defaultConfigurationName = Release;
		};
		092B9316283A4C140042D249 /* Build configuration list for PBXNativeTarget "Project1" */ = {
			isa = XCConfigurationList;
			buildConfigurations = (
				092B9317283A4C140042D249 /* Debug */,
				092B9318283A4C140042D249 /* Release */,
			);
			defaultConfigurationIsVisible = 0;
			defaultConfigurationName = Release;
		};
/* End XCConfigurationList section */
	};
	rootObject = 092B92FA283A4C120042D249 /* Project object */;
}
